Microsoft Visual Studio Solution File, Format Version 12.00
# Visual Studio Version 16
VisualStudioVersion = 16.0.31410.357
MinimumVisualStudioVersion = 10.0.40219.1
Project("{F184B08F-C81C-45F6-A57F-5ABD9991F28F}") = "Win_Pivot_Custom_Aggregates", "Win_Pivot_CustomAggregates\Win_Pivot_Custom_Aggregates.vbproj", "{0DCFD1CE-87A0-45D9-85DF-6B174CADE5E5}"
EndProject
Global
	GlobalSection(SolutionConfigurationPlatforms) = preSolution
		Debug|Any CPU = Debug|Any CPU
		Release|Any CPU = Release|Any CPU
	EndGlobalSection
	GlobalSection(ProjectConfigurationPlatforms) = postSolution
		{0DCFD1CE-87A0-45D9-85DF-6B174CADE5E5}.Debug|Any CPU.ActiveCfg = Debug|Any CPU
		{0DCFD1CE-87A0-45D9-85DF-6B174CADE5E5}.Debug|Any CPU.Build.0 = Debug|Any CPU
		{0DCFD1CE-87A0-45D9-85DF-6B174CADE5E5}.Release|Any CPU.ActiveCfg = Release|Any CPU
		{0DCFD1CE-87A0-45D9-85DF-6B174CADE5E5}.Release|Any CPU.Build.0 = Release|Any CPU
	EndGlobalSection
	GlobalSection(SolutionProperties) = preSolution
		HideSolutionNode = FALSE
	EndGlobalSection
	GlobalSection(ExtensibilityGlobals) = postSolution
		SolutionGuid = {9EFBB2FD-0E9A-4C1C-AB8F-EA1E300A03AC}
	EndGlobalSection
EndGlobal
